
Microsoft Visual Studio Solution File, Format Version 12.00
# Visual Studio Version 16
VisualStudioVersion = 16.0.30204.135
MinimumVisualStudioVersion = 10.0.40219.1
Project("{9A19103F-16F7-4668-BE54-9A1E7A4F7556}") = "DependencyInjection", "DependencyInjection\DependencyInjection.csproj", "{9CF13EEA-391B-4525-AB26-E5C77A0612FD}"
EndProject
Project("{FAE04EC0-301F-11D3-BF4B-00C04F79EFBC}") = "DependencyInjectionTests", "DependencyInjectionTests\DependencyInjectionTests.csproj", "{AD027D72-7C75-468D-9621-9C0A6EE3BED8}"
EndProject
Global
	GlobalSection(SolutionConfigurationPlatforms) = preSolution
		Debug|Any CPU = Debug|Any CPU
		Release|Any CPU = Release|Any CPU
	EndGlobalSection
	GlobalSection(ProjectConfigurationPlatforms) = postSolution
		{9CF13EEA-391B-4525-AB26-E5C77A0612FD}.Debug|Any CPU.ActiveCfg = Debug|Any CPU
		{9CF13EEA-391B-4525-AB26-E5C77A0612FD}.Debug|Any CPU.Build.0 = Debug|Any CPU
		{9CF13EEA-391B-4525-AB26-E5C77A0612FD}.Release|Any CPU.ActiveCfg = Release|Any CPU
		{9CF13EEA-391B-4525-AB26-E5C77A0612FD}.Release|Any CPU.Build.0 = Release|Any CPU
		{AD027D72-7C75-468D-9621-9C0A6EE3BED8}.Debug|Any CPU.ActiveCfg = Debug|Any CPU
		{AD027D72-7C75-468D-9621-9C0A6EE3BED8}.Debug|Any CPU.Build.0 = Debug|Any CPU
		{AD027D72-7C75-468D-9621-9C0A6EE3BED8}.Release|Any CPU.ActiveCfg = Release|Any CPU
		{AD027D72-7C75-468D-9621-9C0A6EE3BED8}.Release|Any CPU.Build.0 = Release|Any CPU
	EndGlobalSection
	GlobalSection(SolutionProperties) = preSolution
		HideSolutionNode = FALSE
	EndGlobalSection
	GlobalSection(ExtensibilityGlobals) = postSolution
		SolutionGuid = {DC448CCF-1996-426B-B1B2-9FDCE65B882A}
	EndGlobalSection
EndGlobal
